
Microsoft Visual Studio Solution File, Format Version 12.00
# Visual Studio Version 17
VisualStudioVersion = 17.3.32929.385
MinimumVisualStudioVersion = 10.0.40219.1
Project("{FAE04EC0-301F-11D3-BF4B-00C04F79EFBC}") = "CustomerManagement", "CustomerManagement.csproj", "{9A4C73D2-A15E-4488-A0B2-3B566B231E6D}"
EndProject
Project("{FAE04EC0-301F-11D3-BF4B-00C04F79EFBC}") = "Bussiness", "..\Bussiness\Bussiness.csproj", "{9F0295B0-D182-400B-8826-7C8B1137D69A}"
EndProject
Project("{FAE04EC0-301F-11D3-BF4B-00C04F79EFBC}") = "Common", "..\Common\Common.csproj", "{FD4B0CD0-7737-47F8-AC98-0BAA94CF5895}"
EndProject
Global
	GlobalSection(SolutionConfigurationPlatforms) = preSolution
		Debug|Any CPU = Debug|Any CPU
		Release|Any CPU = Release|Any CPU
	EndGlobalSection
	GlobalSection(ProjectConfigurationPlatforms) = postSolution
		{9A4C73D2-A15E-4488-A0B2-3B566B231E6D}.Debug|Any CPU.ActiveCfg = Debug|Any CPU
		{9A4C73D2-A15E-4488-A0B2-3B566B231E6D}.Debug|Any CPU.Build.0 = Debug|Any CPU
		{9A4C73D2-A15E-4488-A0B2-3B566B231E6D}.Release|Any CPU.ActiveCfg = Release|Any CPU
		{9A4C73D2-A15E-4488-A0B2-3B566B231E6D}.Release|Any CPU.Build.0 = Release|Any CPU
		{9F0295B0-D182-400B-8826-7C8B1137D69A}.Debug|Any CPU.ActiveCfg = Debug|Any CPU
		{9F0295B0-D182-400B-8826-7C8B1137D69A}.Debug|Any CPU.Build.0 = Debug|Any CPU
		{9F0295B0-D182-400B-8826-7C8B1137D69A}.Release|Any CPU.ActiveCfg = Release|Any CPU
		{9F0295B0-D182-400B-8826-7C8B1137D69A}.Release|Any CPU.Build.0 = Release|Any CPU
		{FD4B0CD0-7737-47F8-AC98-0BAA94CF5895}.Debug|Any CPU.ActiveCfg = Debug|Any CPU
		{FD4B0CD0-7737-47F8-AC98-0BAA94CF5895}.Debug|Any CPU.Build.0 = Debug|Any CPU
		{FD4B0CD0-7737-47F8-AC98-0BAA94CF5895}.Release|Any CPU.ActiveCfg = Release|Any CPU
		{FD4B0CD0-7737-47F8-AC98-0BAA94CF5895}.Release|Any CPU.Build.0 = Release|Any CPU
	EndGlobalSection
	GlobalSection(SolutionProperties) = preSolution
		HideSolutionNode = FALSE
	EndGlobalSection
	GlobalSection(ExtensibilityGlobals) = postSolution
		SolutionGuid = {65734242-4F72-4F22-A494-1414A61C491D}
	EndGlobalSection
EndGlobal
